// !$*UTF8*$!
{
	archiveVersion = 1;
	classes = {
	};
	objectVersion = 46;
	objects = {

/* Begin PBXBuildFile section */
		DB1A06ED18A5483E0057457F /* Foundation.framework in Frameworks */ = {isa = PBXBuildFile; fileRef = DB1A06EC18A5483E0057457F /* Foundation.framework */; };
		DB1A06EF18A5483E0057457F /* CoreGraphics.framework in Frameworks */ = {isa = PBXBuildFile; fileRef = DB1A06EE18A5483E0057457F /* CoreGraphics.framework */; };
		DB1A06F118A5483E0057457F /* UIKit.framework in Frameworks */ = {isa = PBXBuildFile; fileRef = DB1A06F018A5483E0057457F /* UIKit.framework */; };
		DB1A06F718A5483E0057457F /* InfoPlist.strings in Resources */ = {isa = PBXBuildFile; fileRef = DB1A06F518A5483E0057457F /* InfoPlist.strings */; };
		DB1A06F918A5483E0057457F /* main.m in Sources */ = {isa = PBXBuildFile; fileRef = DB1A06F818A5483E0057457F /* main.m */; };
		DB1A06FD18A5483E0057457F /* AppDelegate.m in Sources */ = {isa = PBXBuildFile; fileRef = DB1A06FC18A5483E0057457F /* AppDelegate.m */; };
		DB1A06FF18A5483E0057457F /* Images.xcassets in Resources */ = {isa = PBXBuildFile; fileRef = DB1A06FE18A5483E0057457F /* Images.xcassets */; };
		DB1A070618A5483F0057457F /* XCTest.framework in Frameworks */ = {isa = PBXBuildFile; fileRef = DB1A070518A5483F0057457F /* XCTest.framework */; };
		DB1A070718A5483F0057457F /* Foundation.framework in Frameworks */ = {isa = PBXBuildFile; fileRef = DB1A06EC18A5483E0057457F /* Foundation.framework */; };
		DB1A070818A5483F0057457F /* UIKit.framework in Frameworks */ = {isa = PBXBuildFile; fileRef = DB1A06F018A5483E0057457F /* UIKit.framework */; };
		DB1A071018A5483F0057457F /* InfoPlist.strings in Resources */ = {isa = PBXBuildFile; fileRef = DB1A070E18A5483F0057457F /* InfoPlist.strings */; };
		DB1A071218A5483F0057457F /* CheckboxLinkTests.m in Sources */ = {isa = PBXBuildFile; fileRef = DB1A071118A5483F0057457F /* CheckboxLinkTests.m */; };
		DB353484199D1DC800D5D714 /* LibXL.framework in Frameworks */ = {isa = PBXBuildFile; fileRef = DB353483199D1DC800D5D714 /* LibXL.framework */; };
		DB353486199D239000D5D714 /* sample.xlsx in Resources */ = {isa = PBXBuildFile; fileRef = DB353485199D234300D5D714 /* sample.xlsx */; };
		DF1EAAFB43EC489085DC6FB0 /* libPods.a in Frameworks */ = {isa = PBXBuildFile; fileRef = A6743C4A81434A9EA990F973 /* libPods.a */; };
/* End PBXBuildFile section */

/* Begin PBXContainerItemProxy section */
		DB1A070918A5483F0057457F /* PBXContainerItemProxy */ = {
			isa = PBXContainerItemProxy;
			containerPortal = DB1A06E118A5483E0057457F /* Project object */;
			proxyType = 1;
			remoteGlobalIDString = DB1A06E818A5483E0057457F;
			remoteInfo = CheckboxLink;
		};
/* End PBXContainerItemProxy section */

/* Begin PBXFileReference section */
		A6743C4A81434A9EA990F973 /* libPods.a */ = {isa = PBXFileReference; explicitFileType = archive.ar; includeInIndex = 0; path = libPods.a; sourceTree = BUILT_PRODUCTS_DIR; };
		DB1A06E918A5483E0057457F /* CheckboxLink.app */ = {isa = PBXFileReference; explicitFileType = wrapper.application; includeInIndex = 0; path = CheckboxLink.app; sourceTree = BUILT_PRODUCTS_DIR; };
		DB1A06EC18A5483E0057457F /* Foundation.framework */ = {isa = PBXFileReference; lastKnownFileType = wrapper.framework; name = Foundation.framework; path = System/Library/Frameworks/Foundation.framework; sourceTree = SDKROOT; };
		DB1A06EE18A5483E0057457F /* CoreGraphics.framework */ = {isa = PBXFileReference; lastKnownFileType = wrapper.framework; name = CoreGraphics.framework; path = System/Library/Frameworks/CoreGraphics.framework; sourceTree = SDKROOT; };
		DB1A06F018A5483E0057457F /* UIKit.framework */ = {isa = PBXFileReference; lastKnownFileType = wrapper.framework; name = UIKit.framework; path = System/Library/Frameworks/UIKit.framework; sourceTree = SDKROOT; };
		DB1A06F418A5483E0057457F /* CheckboxLink-Info.plist */ = {isa = PBXFileReference; lastKnownFileType = text.plist.xml; path = "CheckboxLink-Info.plist"; sourceTree = "<group>"; };
		DB1A06F618A5483E0057457F /* en */ = {isa = PBXFileReference; lastKnownFileType = text.plist.strings; name = en; path = en.lproj/InfoPlist.strings; sourceTree = "<group>"; };
		DB1A06F818A5483E0057457F /* main.m */ = {isa = PBXFileReference; lastKnownFileType = sourcecode.c.objc; path = main.m; sourceTree = "<group>"; };
		DB1A06FA18A5483E0057457F /* CheckboxLink-Prefix.pch */ = {isa = PBXFileReference; lastKnownFileType = sourcecode.c.h; path = "CheckboxLink-Prefix.pch"; sourceTree = "<group>"; };
		DB1A06FB18A5483E0057457F /* AppDelegate.h */ = {isa = PBXFileReference; lastKnownFileType = sourcecode.c.h; path = AppDelegate.h; sourceTree = "<group>"; };
		DB1A06FC18A5483E0057457F /* AppDelegate.m */ = {isa = PBXFileReference; lastKnownFileType = sourcecode.c.objc; path = AppDelegate.m; sourceTree = "<group>"; };
		DB1A06FE18A5483E0057457F /* Images.xcassets */ = {isa = PBXFileReference; lastKnownFileType = folder.assetcatalog; path = Images.xcassets; sourceTree = "<group>"; };
		DB1A070418A5483F0057457F /* CheckboxLinkTests.xctest */ = {isa = PBXFileReference; explicitFileType = wrapper.cfbundle; includeInIndex = 0; path = CheckboxLinkTests.xctest; sourceTree = BUILT_PRODUCTS_DIR; };
		DB1A070518A5483F0057457F /* XCTest.framework */ = {isa = PBXFileReference; lastKnownFileType = wrapper.framework; name = XCTest.framework; path = Library/Frameworks/XCTest.framework; sourceTree = DEVELOPER_DIR; };
		DB1A070D18A5483F0057457F /* CheckboxLinkTests-Info.plist */ = {isa = PBXFileReference; lastKnownFileType = text.plist.xml; path = "CheckboxLinkTests-Info.plist"; sourceTree = "<group>"; };
		DB1A070F18A5483F0057457F /* en */ = {isa = PBXFileReference; lastKnownFileType = text.plist.strings; name = en; path = en.lproj/InfoPlist.strings; sourceTree = "<group>"; };
		DB1A071118A5483F0057457F /* CheckboxLinkTests.m */ = {isa = PBXFileReference; lastKnownFileType = sourcecode.c.objc; path = CheckboxLinkTests.m; sourceTree = "<group>"; };
		DB353483199D1DC800D5D714 /* LibXL.framework */ = {isa = PBXFileReference; lastKnownFileType = wrapper.framework; name = LibXL.framework; path = "../../../../../Downloads/libxl-ios-3.6.0.0/LibXL.framework"; sourceTree = "<group>"; };
		DB353485199D234300D5D714 /* sample.xlsx */ = {isa = PBXFileReference; lastKnownFileType = file; path = sample.xlsx; sourceTree = "<group>"; };
		E5B4503A81D14AEDA2983481 /* Pods.xcconfig */ = {isa = PBXFileReference; includeInIndex = 1; lastKnownFileType = text.xcconfig; name = Pods.xcconfig; path = Pods/Pods.xcconfig; sourceTree = "<group>"; };
/* End PBXFileReference section */

/* Begin PBXFrameworksBuildPhase section */
		DB1A06E618A5483E0057457F /* Frameworks */ = {
			isa = PBXFrameworksBuildPhase;
			buildActionMask = 2147483647;
			files = (
				DB353484199D1DC800D5D714 /* LibXL.framework in Frameworks */,
				DB1A06EF18A5483E0057457F /* CoreGraphics.framework in Frameworks */,
				DB1A06F118A5483E0057457F /* UIKit.framework in Frameworks */,
				DB1A06ED18A5483E0057457F /* Foundation.framework in Frameworks */,
				DF1EAAFB43EC489085DC6FB0 /* libPods.a in Frameworks */,
			);
			runOnlyForDeploymentPostprocessing = 0;
		};
		DB1A070118A5483F0057457F /* Frameworks */ = {
			isa = PBXFrameworksBuildPhase;
			buildActionMask = 2147483647;
			files = (
				DB1A070618A5483F0057457F /* XCTest.framework in Frameworks */,
				DB1A070818A5483F0057457F /* UIKit.framework in Frameworks */,
				DB1A070718A5483F0057457F /* Foundation.framework in Frameworks */,
			);
			runOnlyForDeploymentPostprocessing = 0;
		};
/* End PBXFrameworksBuildPhase section */

/* Begin PBXGroup section */
		DB1A06E018A5483E0057457F = {
			isa = PBXGroup;
			children = (
				DB1A06F218A5483E0057457F /* CheckboxLink */,
				DB1A070B18A5483F0057457F /* CheckboxLinkTests */,
				DB1A06EB18A5483E0057457F /* Frameworks */,
				DB1A06EA18A5483E0057457F /* Products */,
				E5B4503A81D14AEDA2983481 /* Pods.xcconfig */,
			);
			sourceTree = "<group>";
		};
		DB1A06EA18A5483E0057457F /* Products */ = {
			isa = PBXGroup;
			children = (
				DB1A06E918A5483E0057457F /* CheckboxLink.app */,
				DB1A070418A5483F0057457F /* CheckboxLinkTests.xctest */,
			);
			name = Products;
			sourceTree = "<group>";
		};
		DB1A06EB18A5483E0057457F /* Frameworks */ = {
			isa = PBXGroup;
			children = (
				DB353483199D1DC800D5D714 /* LibXL.framework */,
				DB1A06EC18A5483E0057457F /* Foundation.framework */,
				DB1A06EE18A5483E0057457F /* CoreGraphics.framework */,
				DB1A06F018A5483E0057457F /* UIKit.framework */,
				DB1A070518A5483F0057457F /* XCTest.framework */,
				A6743C4A81434A9EA990F973 /* libPods.a */,
			);
			name = Frameworks;
			sourceTree = "<group>";
		};
		DB1A06F218A5483E0057457F /* CheckboxLink */ = {
			isa = PBXGroup;
			children = (
				DB353485199D234300D5D714 /* sample.xlsx */,
				DB1CB8071992D18A00241FB4 /* Models */,
				DB1CB8061992D18300241FB4 /* ViewControllers */,
				DB1CB8051992D17B00241FB4 /* Views */,
				DB1A06FB18A5483E0057457F /* AppDelegate.h */,
				DB1A06FC18A5483E0057457F /* AppDelegate.m */,
				DB1A06FE18A5483E0057457F /* Images.xcassets */,
				DB1A06F318A5483E0057457F /* Supporting Files */,
			);
			path = CheckboxLink;
			sourceTree = "<group>";
		};
		DB1A06F318A5483E0057457F /* Supporting Files */ = {
			isa = PBXGroup;
			children = (
				DB1A06F418A5483E0057457F /* CheckboxLink-Info.plist */,
				DB1A06F518A5483E0057457F /* InfoPlist.strings */,
				DB1A06F818A5483E0057457F /* main.m */,
				DB1A06FA18A5483E0057457F /* CheckboxLink-Prefix.pch */,
			);
			name = "Supporting Files";
			sourceTree = "<group>";
		};
		DB1A070B18A5483F0057457F /* CheckboxLinkTests */ = {
			isa = PBXGroup;
			children = (
				DB1A071118A5483F0057457F /* CheckboxLinkTests.m */,
				DB1A070C18A5483F0057457F /* Supporting Files */,
			);
			path = CheckboxLinkTests;
			sourceTree = "<group>";
		};
		DB1A070C18A5483F0057457F /* Supporting Files */ = {
			isa = PBXGroup;
			children = (
				DB1A070D18A5483F0057457F /* CheckboxLinkTests-Info.plist */,
				DB1A070E18A5483F0057457F /* InfoPlist.strings */,
			);
			name = "Supporting Files";
			sourceTree = "<group>";
		};
		DB1CB8051992D17B00241FB4 /* Views */ = {
			isa = PBXGroup;
			children = (
			);
			path = Views;
			sourceTree = "<group>";
		};
		DB1CB8061992D18300241FB4 /* ViewControllers */ = {
			isa = PBXGroup;
			children = (
			);
			path = ViewControllers;
			sourceTree = "<group>";
		};
		DB1CB8071992D18A00241FB4 /* Models */ = {
			isa = PBXGroup;
			children = (
			);
			path = Models;
			sourceTree = "<group>";
		};
/* End PBXGroup section */

/* Begin PBXNativeTarget section */
		DB1A06E818A5483E0057457F /* CheckboxLink */ = {
			isa = PBXNativeTarget;
			buildConfigurationList = DB1A071518A5483F0057457F /* Build configuration list for PBXNativeTarget "CheckboxLink" */;
			buildPhases = (
				A65E42127C3B4043975312AF /* Check Pods Manifest.lock */,
				DB1A06E518A5483E0057457F /* Sources */,
				DB1A06E618A5483E0057457F /* Frameworks */,
				DB1A06E718A5483E0057457F /* Resources */,
				DB1A071B18A5627F0057457F /* Source Code Length Check */,
				DB1A071E18A573820057457F /* TODO and FIXME Check */,
				DBA69F0518A93C9F00B24E29 /* Path space check */,
				D85D1F1BDBC544278700109C /* Copy Pods Resources */,
			);
			buildRules = (
			);
			dependencies = (
			);
			name = CheckboxLink;
			productName = CheckboxLink;
			productReference = DB1A06E918A5483E0057457F /* CheckboxLink.app */;
			productType = "com.apple.product-type.application";
		};
		DB1A070318A5483F0057457F /* CheckboxLinkTests */ = {
			isa = PBXNativeTarget;
			buildConfigurationList = DB1A071818A5483F0057457F /* Build configuration list for PBXNativeTarget "CheckboxLinkTests" */;
			buildPhases = (
				DB1A070018A5483F0057457F /* Sources */,
				DB1A070118A5483F0057457F /* Frameworks */,
				DB1A070218A5483F0057457F /* Resources */,
			);
			buildRules = (
			);
			dependencies = (
				DB1A070A18A5483F0057457F /* PBXTargetDependency */,
			);
			name = CheckboxLinkTests;
			productName = CheckboxLinkTests;
			productReference = DB1A070418A5483F0057457F /* CheckboxLinkTests.xctest */;
			productType = "com.apple.product-type.bundle.unit-test";
		};
/* End PBXNativeTarget section */

/* Begin PBXProject section */
		DB1A06E118A5483E0057457F /* Project object */ = {
			isa = PBXProject;
			attributes = {
				LastUpgradeCheck = 0510;
				ORGANIZATIONNAME = yfujiki;
				TargetAttributes = {
					DB1A070318A5483F0057457F = {
						TestTargetID = DB1A06E818A5483E0057457F;
					};
				};
			};
			buildConfigurationList = DB1A06E418A5483E0057457F /* Build configuration list for PBXProject "CheckboxLink" */;
			compatibilityVersion = "Xcode 3.2";
			developmentRegion = English;
			hasScannedForEncodings = 0;
			knownRegions = (
				en,
			);
			mainGroup = DB1A06E018A5483E0057457F;
			productRefGroup = DB1A06EA18A5483E0057457F /* Products */;
			projectDirPath = "";
			projectRoot = "";
			targets = (
				DB1A06E818A5483E0057457F /* CheckboxLink */,
				DB1A070318A5483F0057457F /* CheckboxLinkTests */,
			);
		};
/* End PBXProject section */

/* Begin PBXResourcesBuildPhase section */
		DB1A06E718A5483E0057457F /* Resources */ = {
			isa = PBXResourcesBuildPhase;
			buildActionMask = 2147483647;
			files = (
				DB353486199D239000D5D714 /* sample.xlsx in Resources */,
				DB1A06F718A5483E0057457F /* InfoPlist.strings in Resources */,
				DB1A06FF18A5483E0057457F /* Images.xcassets in Resources */,
			);
			runOnlyForDeploymentPostprocessing = 0;
		};
		DB1A070218A5483F0057457F /* Resources */ = {
			isa = PBXResourcesBuildPhase;
			buildActionMask = 2147483647;
			files = (
				DB1A071018A5483F0057457F /* InfoPlist.strings in Resources */,
			);
			runOnlyForDeploymentPostprocessing = 0;
		};
/* End PBXResourcesBuildPhase section */

/* Begin PBXShellScriptBuildPhase section */
		A65E42127C3B4043975312AF /* Check Pods Manifest.lock */ = {
			isa = PBXShellScriptBuildPhase;
			buildActionMask = 2147483647;
			files = (
			);
			inputPaths = (
			);
			name = "Check Pods Manifest.lock";
			outputPaths = (
			);
			runOnlyForDeploymentPostprocessing = 0;
			shellPath = /bin/sh;
			shellScript = "diff \"${PODS_ROOT}/../Podfile.lock\" \"${PODS_ROOT}/Manifest.lock\" > /dev/null\nif [[ $? != 0 ]] ; then\n    cat << EOM\nerror: The sandbox is not in sync with the Podfile.lock. Run 'pod install' or update your CocoaPods installation.\nEOM\n    exit 1\nfi\n";
			showEnvVarsInLog = 0;
		};
		D85D1F1BDBC544278700109C /* Copy Pods Resources */ = {
			isa = PBXShellScriptBuildPhase;
			buildActionMask = 2147483647;
			files = (
			);
			inputPaths = (
			);
			name = "Copy Pods Resources";
			outputPaths = (
			);
			runOnlyForDeploymentPostprocessing = 0;
			shellPath = /bin/sh;
			shellScript = "\"${SRCROOT}/Pods/Pods-resources.sh\"\n";
			showEnvVarsInLog = 0;
		};
		DB1A071B18A5627F0057457F /* Source Code Length Check */ = {
			isa = PBXShellScriptBuildPhase;
			buildActionMask = 2147483647;
			files = (
			);
			inputPaths = (
			);
			name = "Source Code Length Check";
			outputPaths = (
			);
			runOnlyForDeploymentPostprocessing = 0;
			shellPath = /bin/sh;
			shellScript = "find \"${SRCROOT}\" \\( -name \"*.h\" -or -name \"*.m\" \\) -and \\( -path \"${SRCROOT}/Pods/*\" -prune -o -print0 \\) | xargs -0 wc -l | awk '$1 > 400 && $2 != \"total\" {for(i=2;i<NF;i++){printf \"%s%s\", $i, \" \"} print $NF \":1: warning: File more than 400 lines (\" $1 \"), consider refactoring.\" }'";
		};
		DB1A071E18A573820057457F /* TODO and FIXME Check */ = {
			isa = PBXShellScriptBuildPhase;
			buildActionMask = 2147483647;
			files = (
			);
			inputPaths = (
			);
			name = "TODO and FIXME Check";
			outputPaths = (
			);
			runOnlyForDeploymentPostprocessing = 0;
			shellPath = /bin/sh;
			shellScript = "KEYWORDS=\"TODO|FIXME|\\?\\?\\?:|\\!\\!\\!:\"\nfind \"${SRCROOT}\" \\( -name \"*.h\" -or -name \"*.m\" \\) -and \\( -path \"${SRCROOT}/Pods/*\" -prune -o -print0 \\) | xargs -0 egrep --with-filename --line-number --only-matching \"($KEYWORDS).*\\$\" | perl -p -e \"s/($KEYWORDS)/ warning: \\$1/\"\n";
		};
		DBA69F0518A93C9F00B24E29 /* Path space check */ = {
			isa = PBXShellScriptBuildPhase;
			buildActionMask = 2147483647;
			files = (
			);
			inputPaths = (
			);
			name = "Path space check";
			outputPaths = (
			);
			runOnlyForDeploymentPostprocessing = 0;
			shellPath = /bin/sh;
			shellScript = "find \"${SRCROOT}\" \\( -path \"${SRCROOT}/Pods/*\" -prune -o -print \\) | egrep '. ' | while read x; do echo \":1: warning: \\\"$x\\\" has space in the path\"; done";
		};
/* End PBXShellScriptBuildPhase section */

/* Begin PBXSourcesBuildPhase section */
		DB1A06E518A5483E0057457F /* Sources */ = {
			isa = PBXSourcesBuildPhase;
			buildActionMask = 2147483647;
			files = (
				DB1A06FD18A5483E0057457F /* AppDelegate.m in Sources */,
				DB1A06F918A5483E0057457F /* main.m in Sources */,
			);
			runOnlyForDeploymentPostprocessing = 0;
		};
		DB1A070018A5483F0057457F /* Sources */ = {
			isa = PBXSourcesBuildPhase;
			buildActionMask = 2147483647;
			files = (
				DB1A071218A5483F0057457F /* CheckboxLinkTests.m in Sources */,
			);
			runOnlyForDeploymentPostprocessing = 0;
		};
/* End PBXSourcesBuildPhase section */

/* Begin PBXTargetDependency section */
		DB1A070A18A5483F0057457F /* PBXTargetDependency */ = {
			isa = PBXTargetDependency;
			target = DB1A06E818A5483E0057457F /* CheckboxLink */;
			targetProxy = DB1A070918A5483F0057457F /* PBXContainerItemProxy */;
		};
/* End PBXTargetDependency section */

/* Begin PBXVariantGroup section */
		DB1A06F518A5483E0057457F /* InfoPlist.strings */ = {
			isa = PBXVariantGroup;
			children = (
				DB1A06F618A5483E0057457F /* en */,
			);
			name = InfoPlist.strings;
			sourceTree = "<group>";
		};
		DB1A070E18A5483F0057457F /* InfoPlist.strings */ = {
			isa = PBXVariantGroup;
			children = (
				DB1A070F18A5483F0057457F /* en */,
			);
			name = InfoPlist.strings;
			sourceTree = "<group>";
		};
/* End PBXVariantGroup section */

/* Begin XCBuildConfiguration section */
		DB1A071318A5483F0057457F /* Debug */ = {
			isa = XCBuildConfiguration;
			buildSettings = {
				ALWAYS_SEARCH_USER_PATHS = NO;
				CLANG_CXX_LANGUAGE_STANDARD = "gnu++0x";
				CLANG_CXX_LIBRARY = "libc++";
				CLANG_ENABLE_MODULES = YES;
				CLANG_ENABLE_OBJC_ARC = YES;
				CLANG_WARN_BOOL_CONVERSION = YES;
				CLANG_WARN_CONSTANT_CONVERSION = YES;
				CLANG_WARN_DIRECT_OBJC_ISA_USAGE = YES_ERROR;
				CLANG_WARN_EMPTY_BODY = YES;
				CLANG_WARN_ENUM_CONVERSION = YES;
				CLANG_WARN_INT_CONVERSION = YES;
				CLANG_WARN_OBJC_ROOT_CLASS = YES_ERROR;
				CLANG_WARN__DUPLICATE_METHOD_MATCH = YES;
				"CODE_SIGN_IDENTITY[sdk=iphoneos*]" = "iPhone Developer";
				COPY_PHASE_STRIP = NO;
				GCC_C_LANGUAGE_STANDARD = gnu99;
				GCC_DYNAMIC_NO_PIC = NO;
				GCC_OPTIMIZATION_LEVEL = 0;
				GCC_PREPROCESSOR_DEFINITIONS = (
					"DEBUG=1",
					"$(inherited)",
				);
				GCC_SYMBOLS_PRIVATE_EXTERN = NO;
				GCC_WARN_64_TO_32_BIT_CONVERSION = YES;
				GCC_WARN_ABOUT_RETURN_TYPE = YES_ERROR;
				GCC_WARN_UNDECLARED_SELECTOR = YES;
				GCC_WARN_UNINITIALIZED_AUTOS = YES_AGGRESSIVE;
				GCC_WARN_UNUSED_FUNCTION = YES;
				GCC_WARN_UNUSED_VARIABLE = YES;
				IPHONEOS_DEPLOYMENT_TARGET = 7.1;
				ONLY_ACTIVE_ARCH = YES;
				SDKROOT = iphoneos;
			};
			name = Debug;
		};
		DB1A071418A5483F0057457F /* Release */ = {
			isa = XCBuildConfiguration;
			buildSettings = {
				ALWAYS_SEARCH_USER_PATHS = NO;
				CLANG_CXX_LANGUAGE_STANDARD = "gnu++0x";
				CLANG_CXX_LIBRARY = "libc++";
				CLANG_ENABLE_MODULES = YES;
				CLANG_ENABLE_OBJC_ARC = YES;
				CLANG_WARN_BOOL_CONVERSION = YES;
				CLANG_WARN_CONSTANT_CONVERSION = YES;
				CLANG_WARN_DIRECT_OBJC_ISA_USAGE = YES_ERROR;
				CLANG_WARN_EMPTY_BODY = YES;
				CLANG_WARN_ENUM_CONVERSION = YES;
				CLANG_WARN_INT_CONVERSION = YES;
				CLANG_WARN_OBJC_ROOT_CLASS = YES_ERROR;
				CLANG_WARN__DUPLICATE_METHOD_MATCH = YES;
				"CODE_SIGN_IDENTITY[sdk=iphoneos*]" = "iPhone Developer";
				COPY_PHASE_STRIP = YES;
				ENABLE_NS_ASSERTIONS = NO;
				GCC_C_LANGUAGE_STANDARD = gnu99;
				GCC_WARN_64_TO_32_BIT_CONVERSION = YES;
				GCC_WARN_ABOUT_RETURN_TYPE = YES_ERROR;
				GCC_WARN_UNDECLARED_SELECTOR = YES;
				GCC_WARN_UNINITIALIZED_AUTOS = YES_AGGRESSIVE;
				GCC_WARN_UNUSED_FUNCTION = YES;
				GCC_WARN_UNUSED_VARIABLE = YES;
				IPHONEOS_DEPLOYMENT_TARGET = 7.1;
				SDKROOT = iphoneos;
				VALIDATE_PRODUCT = YES;
			};
			name = Release;
		};
		DB1A071618A5483F0057457F /* Debug */ = {
			isa = XCBuildConfiguration;
			baseConfigurationReference = E5B4503A81D14AEDA2983481 /* Pods.xcconfig */;
			buildSettings = {
				ASSETCATALOG_COMPILER_APPICON_NAME = AppIcon;
				ASSETCATALOG_COMPILER_LAUNCHIMAGE_NAME = LaunchImage;
				FRAMEWORK_SEARCH_PATHS = (
					"$(inherited)",
					"/Users/yuichi/Downloads/libxl-ios-3.6.0.0",
				);
				GCC_PRECOMPILE_PREFIX_HEADER = YES;
				GCC_PREFIX_HEADER = "CheckboxLink/CheckboxLink-Prefix.pch";
				INFOPLIST_FILE = "CheckboxLink/CheckboxLink-Info.plist";
				OTHER_LDFLAGS = (
					"-ObjC",
					"-framework",
					SystemConfiguration,
					"-lstdc++",
				);
				PRODUCT_NAME = "$(TARGET_NAME)";
				WRAPPER_EXTENSION = app;
			};
			name = Debug;
		};
		DB1A071718A5483F0057457F /* Release */ = {
			isa = XCBuildConfiguration;
			baseConfigurationReference = E5B4503A81D14AEDA2983481 /* Pods.xcconfig */;
			buildSettings = {
				ASSETCATALOG_COMPILER_APPICON_NAME = AppIcon;
				ASSETCATALOG_COMPILER_LAUNCHIMAGE_NAME = LaunchImage;
				FRAMEWORK_SEARCH_PATHS = (
					"$(inherited)",
					"/Users/yuichi/Downloads/libxl-ios-3.6.0.0",
				);
				GCC_PRECOMPILE_PREFIX_HEADER = YES;
				GCC_PREFIX_HEADER = "CheckboxLink/CheckboxLink-Prefix.pch";
				INFOPLIST_FILE = "CheckboxLink/CheckboxLink-Info.plist";
				OTHER_LDFLAGS = (
					"-ObjC",
					"-framework",
					SystemConfiguration,
					"-lstdc++",
				);
				PRODUCT_NAME = "$(TARGET_NAME)";
				WRAPPER_EXTENSION = app;
			};
			name = Release;
		};
		DB1A071918A5483F0057457F /* Debug */ = {
			isa = XCBuildConfiguration;
			buildSettings = {
				BUNDLE_LOADER = "$(BUILT_PRODUCTS_DIR)/CheckboxLink.app/CheckboxLink";
				FRAMEWORK_SEARCH_PATHS = (
					"$(SDKROOT)/Developer/Library/Frameworks",
					"$(inherited)",
					"$(DEVELOPER_FRAMEWORKS_DIR)",
				);
				GCC_PRECOMPILE_PREFIX_HEADER = YES;
				GCC_PREFIX_HEADER = "CheckboxLink/CheckboxLink-Prefix.pch";
				GCC_PREPROCESSOR_DEFINITIONS = (
					"DEBUG=1",
					"$(inherited)",
				);
				INFOPLIST_FILE = "CheckboxLinkTests/CheckboxLinkTests-Info.plist";
				PRODUCT_NAME = "$(TARGET_NAME)";
				TEST_HOST = "$(BUNDLE_LOADER)";
				WRAPPER_EXTENSION = xctest;
			};
			name = Debug;
		};
		DB1A071A18A5483F0057457F /* Release */ = {
			isa = XCBuildConfiguration;
			buildSettings = {
				BUNDLE_LOADER = "$(BUILT_PRODUCTS_DIR)/CheckboxLink.app/CheckboxLink";
				FRAMEWORK_SEARCH_PATHS = (
					"$(SDKROOT)/Developer/Library/Frameworks",
					"$(inherited)",
					"$(DEVELOPER_FRAMEWORKS_DIR)",
				);
				GCC_PRECOMPILE_PREFIX_HEADER = YES;
				GCC_PREFIX_HEADER = "CheckboxLink/CheckboxLink-Prefix.pch";
				INFOPLIST_FILE = "CheckboxLinkTests/CheckboxLinkTests-Info.plist";
				PRODUCT_NAME = "$(TARGET_NAME)";
				TEST_HOST = "$(BUNDLE_LOADER)";
				WRAPPER_EXTENSION = xctest;
			};
			name = Release;
		};
/* End XCBuildConfiguration section */

/* Begin XCConfigurationList section */
		DB1A06E418A5483E0057457F /* Build configuration list for PBXProject "CheckboxLink" */ = {
			isa = XCConfigurationList;
			buildConfigurations = (
				DB1A071318A5483F0057457F /* Debug */,
				DB1A071418A5483F0057457F /* Release */,
			);
			defaultConfigurationIsVisible = 0;
			defaultConfigurationName = Release;
		};
		DB1A071518A5483F0057457F /* Build configuration list for PBXNativeTarget "CheckboxLink" */ = {
			isa = XCConfigurationList;
			buildConfigurations = (
				DB1A071618A5483F0057457F /* Debug */,
				DB1A071718A5483F0057457F /* Release */,
			);
			defaultConfigurationIsVisible = 0;
			defaultConfigurationName = Release;
		};
		DB1A071818A5483F0057457F /* Build configuration list for PBXNativeTarget "CheckboxLinkTests" */ = {
			isa = XCConfigurationList;
			buildConfigurations = (
				DB1A071918A5483F0057457F /* Debug */,
				DB1A071A18A5483F0057457F /* Release */,
			);
			defaultConfigurationIsVisible = 0;
			defaultConfigurationName = Release;
		};
/* End XCConfigurationList section */
	};
	rootObject = DB1A06E118A5483E0057457F /* Project object */;
}
